{
  "name": "Solution_5",
  "lockfileVersion": 3,
  "requires": true,
  "packages": {
    "": {
      "devDependencies": {
        "dropkickjs": "^2.2.4"
      }
    },
    "node_modules/dropkickjs": {
      "version": "2.2.4",
      "resolved": "https://registry.npmjs.org/dropkickjs/-/dropkickjs-2.2.4.tgz",
      "integrity": "sha512-Y+F0/vMbv1kSkftNRiMBpEwyrL2afe2IyNWYMyefIhCkoc98u31XKY02QjN1WLtAJ3c0PKettu0JblWIQR4DVQ==",
      "dev": true,
      "engines": {
        "node": ">= 4"
      }
    }
  }
}
